
Microsoft Visual Studio Solution File, Format Version 12.00
# Visual Studio Version 16
VisualStudioVersion = 16.0.29519.181
MinimumVisualStudioVersion = 10.0.40219.1
Project("{2150E333-8FDC-42A3-9474-1A3956D46DE8}") = "src", "src", "{005F19D7-99AE-4048-A3B8-F4F87BEC87A2}"
EndProject
Project("{2150E333-8FDC-42A3-9474-1A3956D46DE8}") = "1 - Distribution Layer", "1 - Distribution Layer", "{A53CEDFE-6996-4208-B544-D802C0761CC6}"
EndProject
Project("{2150E333-8FDC-42A3-9474-1A3956D46DE8}") = "2 - Application Layer", "2 - Application Layer", "{BD72A4F8-6F8F-4A67-B4B3-FA48593C9C47}"
EndProject
Project("{2150E333-8FDC-42A3-9474-1A3956D46DE8}") = "3 - Domain Layer", "3 - Domain Layer", "{28A5EB72-E38F-44B8-8476-39E83CE36C23}"
EndProject
Project("{2150E333-8FDC-42A3-9474-1A3956D46DE8}") = "4 - Infra Layer", "4 - Infra Layer", "{487CF299-B254-4DA8-A0EC-80E2ECFA1DDD}"
EndProject
Project("{2150E333-8FDC-42A3-9474-1A3956D46DE8}") = "test", "test", "{E3C40ADB-3FF4-4EE2-B4F6-0531B1A52DE6}"
EndProject
Project("{9A19103F-16F7-4668-BE54-9A1E7A4F7556}") = "School.WebApi", "src\School.WebApi\School.WebApi.csproj", "{F71E854A-88E1-434B-90CF-CBF3DFFA0C43}"
EndProject
Project("{9A19103F-16F7-4668-BE54-9A1E7A4F7556}") = "School.Application", "src\School.Application\School.Application.csproj", "{CDF803D3-280E-460A-A302-D0519AE88C1D}"
EndProject
Project("{9A19103F-16F7-4668-BE54-9A1E7A4F7556}") = "School.Domain", "src\School.Domain\School.Domain.csproj", "{328A4363-5358-492F-8DCA-37789703D075}"
EndProject
Project("{9A19103F-16F7-4668-BE54-9A1E7A4F7556}") = "School.Infra.Data", "src\School.Infra.Data\School.Infra.Data.csproj", "{27A82B44-1FAA-4D41-B438-683DCFA69D09}"
EndProject
Project("{9A19103F-16F7-4668-BE54-9A1E7A4F7556}") = "School.Infra", "src\School.Infra\School.Infra.csproj", "{CF7AE9B5-9C30-417C-9705-FEEF9D1B8612}"
EndProject
Project("{9A19103F-16F7-4668-BE54-9A1E7A4F7556}") = "School.Infra.IoC", "src\School.Infra.IoC\School.Infra.IoC.csproj", "{3FBDF1F8-FBC4-4831-BF21-9CAE6896AD5F}"
EndProject
Project("{9A19103F-16F7-4668-BE54-9A1E7A4F7556}") = "School.Integration.Tests", "test\School.Integration.Tests\School.Integration.Tests.csproj", "{4538DEC3-001A-4E32-800A-B78D4250B380}"
EndProject
Project("{FAE04EC0-301F-11D3-BF4B-00C04F79EFBC}") = "School.Infra.Data.Tests", "School.Infra.Data.Tests\School.Infra.Data.Tests.csproj", "{D656BD39-CAED-441F-A01C-2B81E5925EC3}"
EndProject
Global
	GlobalSection(SolutionConfigurationPlatforms) = preSolution
		Debug|Any CPU = Debug|Any CPU
		Release|Any CPU = Release|Any CPU
	EndGlobalSection
	GlobalSection(ProjectConfigurationPlatforms) = postSolution
		{F71E854A-88E1-434B-90CF-CBF3DFFA0C43}.Debug|Any CPU.ActiveCfg = Debug|Any CPU
		{F71E854A-88E1-434B-90CF-CBF3DFFA0C43}.Debug|Any CPU.Build.0 = Debug|Any CPU
		{F71E854A-88E1-434B-90CF-CBF3DFFA0C43}.Release|Any CPU.ActiveCfg = Release|Any CPU
		{F71E854A-88E1-434B-90CF-CBF3DFFA0C43}.Release|Any CPU.Build.0 = Release|Any CPU
		{CDF803D3-280E-460A-A302-D0519AE88C1D}.Debug|Any CPU.ActiveCfg = Debug|Any CPU
		{CDF803D3-280E-460A-A302-D0519AE88C1D}.Debug|Any CPU.Build.0 = Debug|Any CPU
		{CDF803D3-280E-460A-A302-D0519AE88C1D}.Release|Any CPU.ActiveCfg = Release|Any CPU
		{CDF803D3-280E-460A-A302-D0519AE88C1D}.Release|Any CPU.Build.0 = Release|Any CPU
		{328A4363-5358-492F-8DCA-37789703D075}.Debug|Any CPU.ActiveCfg = Debug|Any CPU
		{328A4363-5358-492F-8DCA-37789703D075}.Debug|Any CPU.Build.0 = Debug|Any CPU
		{328A4363-5358-492F-8DCA-37789703D075}.Release|Any CPU.ActiveCfg = Release|Any CPU
		{328A4363-5358-492F-8DCA-37789703D075}.Release|Any CPU.Build.0 = Release|Any CPU
		{27A82B44-1FAA-4D41-B438-683DCFA69D09}.Debug|Any CPU.ActiveCfg = Debug|Any CPU
		{27A82B44-1FAA-4D41-B438-683DCFA69D09}.Debug|Any CPU.Build.0 = Debug|Any CPU
		{27A82B44-1FAA-4D41-B438-683DCFA69D09}.Release|Any CPU.ActiveCfg = Release|Any CPU
		{27A82B44-1FAA-4D41-B438-683DCFA69D09}.Release|Any CPU.Build.0 = Release|Any CPU
		{CF7AE9B5-9C30-417C-9705-FEEF9D1B8612}.Debug|Any CPU.ActiveCfg = Debug|Any CPU
		{CF7AE9B5-9C30-417C-9705-FEEF9D1B8612}.Debug|Any CPU.Build.0 = Debug|Any CPU
		{CF7AE9B5-9C30-417C-9705-FEEF9D1B8612}.Release|Any CPU.ActiveCfg = Release|Any CPU
		{CF7AE9B5-9C30-417C-9705-FEEF9D1B8612}.Release|Any CPU.Build.0 = Release|Any CPU
		{3FBDF1F8-FBC4-4831-BF21-9CAE6896AD5F}.Debug|Any CPU.ActiveCfg = Debug|Any CPU
		{3FBDF1F8-FBC4-4831-BF21-9CAE6896AD5F}.Debug|Any CPU.Build.0 = Debug|Any CPU
		{3FBDF1F8-FBC4-4831-BF21-9CAE6896AD5F}.Release|Any CPU.ActiveCfg = Release|Any CPU
		{3FBDF1F8-FBC4-4831-BF21-9CAE6896AD5F}.Release|Any CPU.Build.0 = Release|Any CPU
		{4538DEC3-001A-4E32-800A-B78D4250B380}.Debug|Any CPU.ActiveCfg = Debug|Any CPU
		{4538DEC3-001A-4E32-800A-B78D4250B380}.Debug|Any CPU.Build.0 = Debug|Any CPU
		{4538DEC3-001A-4E32-800A-B78D4250B380}.Release|Any CPU.ActiveCfg = Release|Any CPU
		{4538DEC3-001A-4E32-800A-B78D4250B380}.Release|Any CPU.Build.0 = Release|Any CPU
		{D656BD39-CAED-441F-A01C-2B81E5925EC3}.Debug|Any CPU.ActiveCfg = Debug|Any CPU
		{D656BD39-CAED-441F-A01C-2B81E5925EC3}.Debug|Any CPU.Build.0 = Debug|Any CPU
		{D656BD39-CAED-441F-A01C-2B81E5925EC3}.Release|Any CPU.ActiveCfg = Release|Any CPU
		{D656BD39-CAED-441F-A01C-2B81E5925EC3}.Release|Any CPU.Build.0 = Release|Any CPU
	EndGlobalSection
	GlobalSection(SolutionProperties) = preSolution
		HideSolutionNode = FALSE
	EndGlobalSection
	GlobalSection(NestedProjects) = preSolution
		{A53CEDFE-6996-4208-B544-D802C0761CC6} = {005F19D7-99AE-4048-A3B8-F4F87BEC87A2}
		{BD72A4F8-6F8F-4A67-B4B3-FA48593C9C47} = {005F19D7-99AE-4048-A3B8-F4F87BEC87A2}
		{28A5EB72-E38F-44B8-8476-39E83CE36C23} = {005F19D7-99AE-4048-A3B8-F4F87BEC87A2}
		{487CF299-B254-4DA8-A0EC-80E2ECFA1DDD} = {005F19D7-99AE-4048-A3B8-F4F87BEC87A2}
		{F71E854A-88E1-434B-90CF-CBF3DFFA0C43} = {A53CEDFE-6996-4208-B544-D802C0761CC6}
		{CDF803D3-280E-460A-A302-D0519AE88C1D} = {BD72A4F8-6F8F-4A67-B4B3-FA48593C9C47}
		{328A4363-5358-492F-8DCA-37789703D075} = {28A5EB72-E38F-44B8-8476-39E83CE36C23}
		{27A82B44-1FAA-4D41-B438-683DCFA69D09} = {487CF299-B254-4DA8-A0EC-80E2ECFA1DDD}
		{CF7AE9B5-9C30-417C-9705-FEEF9D1B8612} = {487CF299-B254-4DA8-A0EC-80E2ECFA1DDD}
		{3FBDF1F8-FBC4-4831-BF21-9CAE6896AD5F} = {487CF299-B254-4DA8-A0EC-80E2ECFA1DDD}
		{4538DEC3-001A-4E32-800A-B78D4250B380} = {E3C40ADB-3FF4-4EE2-B4F6-0531B1A52DE6}
		{D656BD39-CAED-441F-A01C-2B81E5925EC3} = {E3C40ADB-3FF4-4EE2-B4F6-0531B1A52DE6}
	EndGlobalSection
	GlobalSection(ExtensibilityGlobals) = postSolution
		SolutionGuid = {8EEDCC03-25DA-4C85-9F2D-A189BF44ABFA}
	EndGlobalSection
EndGlobal
